
Microsoft Visual Studio Solution File, Format Version 12.00
# Visual Studio 2012
Project("{8BC9CEB8-8B4A-11D0-8D11-00A0C91BC942}") = "QuickSort_mpi", "QuickSort_mpi.vcxproj", "{24BBF2E8-A2AF-4CE0-BEE8-567B7FD2A529}"
EndProject
Global
	GlobalSection(SolutionConfigurationPlatforms) = preSolution
		Debug|Win32 = Debug|Win32
		Release|Win32 = Release|Win32
	EndGlobalSection
	GlobalSection(ProjectConfigurationPlatforms) = postSolution
		{24BBF2E8-A2AF-4CE0-BEE8-567B7FD2A529}.Debug|Win32.ActiveCfg = Debug|Win32
		{24BBF2E8-A2AF-4CE0-BEE8-567B7FD2A529}.Debug|Win32.Build.0 = Debug|Win32
		{24BBF2E8-A2AF-4CE0-BEE8-567B7FD2A529}.Release|Win32.ActiveCfg = Release|Win32
		{24BBF2E8-A2AF-4CE0-BEE8-567B7FD2A529}.Release|Win32.Build.0 = Release|Win32
	EndGlobalSection
	GlobalSection(SolutionProperties) = preSolution
		HideSolutionNode = FALSE
	EndGlobalSection
	GlobalSection(Performance) = preSolution
		HasPerformanceSessions = true
	EndGlobalSection
EndGlobal
